
Microsoft Visual Studio Solution File, Format Version 12.00
# Visual Studio 15
VisualStudioVersion = 15.0.28307.168
MinimumVisualStudioVersion = 10.0.40219.1
Project("{FAE04EC0-301F-11D3-BF4B-00C04F79EFBC}") = "ppedv.EverGreen.Model", "ppedv.EverGreen.Model\ppedv.EverGreen.Model.csproj", "{F39D5994-8FC8-4D89-A33C-61CDC712C6EF}"
EndProject
Project("{FAE04EC0-301F-11D3-BF4B-00C04F79EFBC}") = "ppedv.EverGreen.Data.EF", "ppedv.EverGreen.Data.EF\ppedv.EverGreen.Data.EF.csproj", "{27AB3756-9259-48D7-9D75-55033A87FEAE}"
EndProject
Project("{FAE04EC0-301F-11D3-BF4B-00C04F79EFBC}") = "ppedv.EverGreen.Data.EF.Tests", "ppedv.EverGreen.Data.EF.Tests\ppedv.EverGreen.Data.EF.Tests.csproj", "{E2AD3EAE-E1E1-4439-AACF-0E26FEAADDE4}"
EndProject
Project("{FAE04EC0-301F-11D3-BF4B-00C04F79EFBC}") = "ppedv.EverGreen.Logic", "ppedv.EverGreen.Logic\ppedv.EverGreen.Logic.csproj", "{2305264D-C0F6-4F6D-AB50-6E439B80AB0A}"
EndProject
Project("{FAE04EC0-301F-11D3-BF4B-00C04F79EFBC}") = "ppedv.EverGreen.UI.DevConsole", "ppedv.EverGreen.UI.DevConsole\ppedv.EverGreen.UI.DevConsole.csproj", "{BFD3D24D-124D-4592-8616-EF6AA44A4E31}"
EndProject
Global
	GlobalSection(SolutionConfigurationPlatforms) = preSolution
		Debug|Any CPU = Debug|Any CPU
		Release|Any CPU = Release|Any CPU
	EndGlobalSection
	GlobalSection(ProjectConfigurationPlatforms) = postSolution
		{F39D5994-8FC8-4D89-A33C-61CDC712C6EF}.Debug|Any CPU.ActiveCfg = Debug|Any CPU
		{F39D5994-8FC8-4D89-A33C-61CDC712C6EF}.Debug|Any CPU.Build.0 = Debug|Any CPU
		{F39D5994-8FC8-4D89-A33C-61CDC712C6EF}.Release|Any CPU.ActiveCfg = Release|Any CPU
		{F39D5994-8FC8-4D89-A33C-61CDC712C6EF}.Release|Any CPU.Build.0 = Release|Any CPU
		{27AB3756-9259-48D7-9D75-55033A87FEAE}.Debug|Any CPU.ActiveCfg = Debug|Any CPU
		{27AB3756-9259-48D7-9D75-55033A87FEAE}.Debug|Any CPU.Build.0 = Debug|Any CPU
		{27AB3756-9259-48D7-9D75-55033A87FEAE}.Release|Any CPU.ActiveCfg = Release|Any CPU
		{27AB3756-9259-48D7-9D75-55033A87FEAE}.Release|Any CPU.Build.0 = Release|Any CPU
		{E2AD3EAE-E1E1-4439-AACF-0E26FEAADDE4}.Debug|Any CPU.ActiveCfg = Debug|Any CPU
		{E2AD3EAE-E1E1-4439-AACF-0E26FEAADDE4}.Debug|Any CPU.Build.0 = Debug|Any CPU
		{E2AD3EAE-E1E1-4439-AACF-0E26FEAADDE4}.Release|Any CPU.ActiveCfg = Release|Any CPU
		{E2AD3EAE-E1E1-4439-AACF-0E26FEAADDE4}.Release|Any CPU.Build.0 = Release|Any CPU
		{2305264D-C0F6-4F6D-AB50-6E439B80AB0A}.Debug|Any CPU.ActiveCfg = Debug|Any CPU
		{2305264D-C0F6-4F6D-AB50-6E439B80AB0A}.Debug|Any CPU.Build.0 = Debug|Any CPU
		{2305264D-C0F6-4F6D-AB50-6E439B80AB0A}.Release|Any CPU.ActiveCfg = Release|Any CPU
		{2305264D-C0F6-4F6D-AB50-6E439B80AB0A}.Release|Any CPU.Build.0 = Release|Any CPU
		{BFD3D24D-124D-4592-8616-EF6AA44A4E31}.Debug|Any CPU.ActiveCfg = Debug|Any CPU
		{BFD3D24D-124D-4592-8616-EF6AA44A4E31}.Debug|Any CPU.Build.0 = Debug|Any CPU
		{BFD3D24D-124D-4592-8616-EF6AA44A4E31}.Release|Any CPU.ActiveCfg = Release|Any CPU
		{BFD3D24D-124D-4592-8616-EF6AA44A4E31}.Release|Any CPU.Build.0 = Release|Any CPU
	EndGlobalSection
	GlobalSection(SolutionProperties) = preSolution
		HideSolutionNode = FALSE
	EndGlobalSection
	GlobalSection(ExtensibilityGlobals) = postSolution
		SolutionGuid = {4A52F255-A0FA-4C91-B382-AB2066301554}
	EndGlobalSection
EndGlobal
